
Microsoft Visual Studio Solution File, Format Version 12.00
# Visual Studio Version 16
VisualStudioVersion = 16.0.31624.102
MinimumVisualStudioVersion = 10.0.40219.1
Project("{FAE04EC0-301F-11D3-BF4B-00C04F79EFBC}") = "PasswordHash_BCript", "PasswordHash_BCript.csproj", "{6F0DC171-19B3-41D6-ABE9-1863249A1202}"
EndProject
Global
	GlobalSection(SolutionConfigurationPlatforms) = preSolution
		Debug|Any CPU = Debug|Any CPU
		Release|Any CPU = Release|Any CPU
	EndGlobalSection
	GlobalSection(ProjectConfigurationPlatforms) = postSolution
		{6F0DC171-19B3-41D6-ABE9-1863249A1202}.Debug|Any CPU.ActiveCfg = Debug|Any CPU
		{6F0DC171-19B3-41D6-ABE9-1863249A1202}.Debug|Any CPU.Build.0 = Debug|Any CPU
		{6F0DC171-19B3-41D6-ABE9-1863249A1202}.Release|Any CPU.ActiveCfg = Release|Any CPU
		{6F0DC171-19B3-41D6-ABE9-1863249A1202}.Release|Any CPU.Build.0 = Release|Any CPU
	EndGlobalSection
	GlobalSection(SolutionProperties) = preSolution
		HideSolutionNode = FALSE
	EndGlobalSection
	GlobalSection(ExtensibilityGlobals) = postSolution
		SolutionGuid = {63EF8A2D-1309-43F0-A9F0-96BE1AFB9526}
	EndGlobalSection
EndGlobal
